
Microsoft Visual Studio Solution File, Format Version 12.00
# Visual Studio Version 17
VisualStudioVersion = 17.3.32901.215
MinimumVisualStudioVersion = 10.0.40219.1
Project("{8BC9CEB8-8B4A-11D0-8D11-00A0C91BC942}") = "Simulation Program", "Simulation Program.vcxproj", "{38DC6880-56B0-44DD-BB42-E9860360D8C9}"
EndProject
Global
	GlobalSection(SolutionConfigurationPlatforms) = preSolution
		Debug|x64 = Debug|x64
		Debug|x86 = Debug|x86
		Release|x64 = Release|x64
		Release|x86 = Release|x86
	EndGlobalSection
	GlobalSection(ProjectConfigurationPlatforms) = postSolution
		{38DC6880-56B0-44DD-BB42-E9860360D8C9}.Debug|x64.ActiveCfg = Debug|x64
		{38DC6880-56B0-44DD-BB42-E9860360D8C9}.Debug|x64.Build.0 = Debug|x64
		{38DC6880-56B0-44DD-BB42-E9860360D8C9}.Debug|x86.ActiveCfg = Debug|Win32
		{38DC6880-56B0-44DD-BB42-E9860360D8C9}.Debug|x86.Build.0 = Debug|Win32
		{38DC6880-56B0-44DD-BB42-E9860360D8C9}.Release|x64.ActiveCfg = Release|x64
		{38DC6880-56B0-44DD-BB42-E9860360D8C9}.Release|x64.Build.0 = Release|x64
		{38DC6880-56B0-44DD-BB42-E9860360D8C9}.Release|x86.ActiveCfg = Release|Win32
		{38DC6880-56B0-44DD-BB42-E9860360D8C9}.Release|x86.Build.0 = Release|Win32
	EndGlobalSection
	GlobalSection(SolutionProperties) = preSolution
		HideSolutionNode = FALSE
	EndGlobalSection
	GlobalSection(ExtensibilityGlobals) = postSolution
		SolutionGuid = {404A0D17-F52E-4D56-B46F-97A79887AC4F}
	EndGlobalSection
EndGlobal
